
Microsoft Visual Studio Solution File, Format Version 12.00
# Visual Studio 15
VisualStudioVersion = 15.0.28307.421
MinimumVisualStudioVersion = 10.0.40219.1
Project("{9A19103F-16F7-4668-BE54-9A1E7A4F7556}") = "Prism.Xamarin.AsyncNavigation", "Prism.Xamarin.AsyncNavigation\Prism.Xamarin.AsyncNavigation.csproj", "{4DED7BD4-4E15-4369-A6C8-F6B2AD506FD0}"
EndProject
Global
	GlobalSection(SolutionConfigurationPlatforms) = preSolution
		Debug|Any CPU = Debug|Any CPU
		Release|Any CPU = Release|Any CPU
	EndGlobalSection
	GlobalSection(ProjectConfigurationPlatforms) = postSolution
		{4DED7BD4-4E15-4369-A6C8-F6B2AD506FD0}.Debug|Any CPU.ActiveCfg = Debug|Any CPU
		{4DED7BD4-4E15-4369-A6C8-F6B2AD506FD0}.Debug|Any CPU.Build.0 = Debug|Any CPU
		{4DED7BD4-4E15-4369-A6C8-F6B2AD506FD0}.Release|Any CPU.ActiveCfg = Release|Any CPU
		{4DED7BD4-4E15-4369-A6C8-F6B2AD506FD0}.Release|Any CPU.Build.0 = Release|Any CPU
	EndGlobalSection
	GlobalSection(SolutionProperties) = preSolution
		HideSolutionNode = FALSE
	EndGlobalSection
	GlobalSection(ExtensibilityGlobals) = postSolution
		SolutionGuid = {576975ED-494B-4842-B950-4F3CEF7D5F3B}
	EndGlobalSection
EndGlobal
